
Microsoft Visual Studio Solution File, Format Version 12.00
# Visual Studio Version 16
VisualStudioVersion = 16.0.34407.143
MinimumVisualStudioVersion = 10.0.40219.1
Project("{F184B08F-C81C-45F6-A57F-5ABD9991F28F}") = "RelayerJsonActionMapper", "RelayerJsonActionMapper.vbproj", "{01D28095-B70C-4116-A552-77A01A0586C9}"
EndProject
Global
	GlobalSection(SolutionConfigurationPlatforms) = preSolution
		Debug|Any CPU = Debug|Any CPU
		Release|Any CPU = Release|Any CPU
	EndGlobalSection
	GlobalSection(ProjectConfigurationPlatforms) = postSolution
		{01D28095-B70C-4116-A552-77A01A0586C9}.Debug|Any CPU.ActiveCfg = Debug|Any CPU
		{01D28095-B70C-4116-A552-77A01A0586C9}.Debug|Any CPU.Build.0 = Debug|Any CPU
		{01D28095-B70C-4116-A552-77A01A0586C9}.Release|Any CPU.ActiveCfg = Release|Any CPU
		{01D28095-B70C-4116-A552-77A01A0586C9}.Release|Any CPU.Build.0 = Release|Any CPU
	EndGlobalSection
	GlobalSection(SolutionProperties) = preSolution
		HideSolutionNode = FALSE
	EndGlobalSection
	GlobalSection(ExtensibilityGlobals) = postSolution
		SolutionGuid = {3362B78B-6B59-494A-9F8F-84876A936314}
	EndGlobalSection
EndGlobal
